
Microsoft Visual Studio Solution File, Format Version 12.00
# Visual Studio 15
VisualStudioVersion = 15.0.26730.12
MinimumVisualStudioVersion = 10.0.40219.1
Project("{FAE04EC0-301F-11D3-BF4B-00C04F79EFBC}") = "VMImpl", "VMImpl\VMImpl.csproj", "{C1DC4829-8A83-44AA-995B-EFD8867FF5AE}"
EndProject
Global
	GlobalSection(SolutionConfigurationPlatforms) = preSolution
		Debug|Any CPU = Debug|Any CPU
		Release|Any CPU = Release|Any CPU
	EndGlobalSection
	GlobalSection(ProjectConfigurationPlatforms) = postSolution
		{C1DC4829-8A83-44AA-995B-EFD8867FF5AE}.Debug|Any CPU.ActiveCfg = Debug|Any CPU
		{C1DC4829-8A83-44AA-995B-EFD8867FF5AE}.Debug|Any CPU.Build.0 = Debug|Any CPU
		{C1DC4829-8A83-44AA-995B-EFD8867FF5AE}.Release|Any CPU.ActiveCfg = Release|Any CPU
		{C1DC4829-8A83-44AA-995B-EFD8867FF5AE}.Release|Any CPU.Build.0 = Release|Any CPU
	EndGlobalSection
	GlobalSection(SolutionProperties) = preSolution
		HideSolutionNode = FALSE
	EndGlobalSection
	GlobalSection(ExtensibilityGlobals) = postSolution
		SolutionGuid = {AE63E7DD-2436-406F-AFDA-8FF2EE41995B}
	EndGlobalSection
EndGlobal
